# THIS IS AN AUTOGENERATED FILE. DO NOT EDIT THIS FILE DIRECTLY.
# yarn lockfile v1


aria2@^4.1.2:
  version "4.1.2"
  resolved "https://registry.yarnpkg.com/aria2/-/aria2-4.1.2.tgz#0ecbc50beea82856c88b4de71dac336154f67362"
  integrity sha512-qTBr2RY8RZQmiUmbj2KXFvkErNxU4aTHZszszzwhE8svy2PEVX+IYR/c4Rp9Tuw4QkeU8cylGy6McV6Yl8i7Qw==
  dependencies:
    node-fetch "^2.6.1"
    ws "^7.4.0"

node-fetch@^2.6.1:
  version "2.6.1"
  resolved "https://registry.yarnpkg.com/node-fetch/-/node-fetch-2.6.1.tgz#045bd323631f76ed2e2b55573394416b639a0052"
  integrity sha512-V4aYg89jEoVRxRb2fJdAg8FHvI7cEyYdVAh94HH0UIK8oJxUfkjlDQN9RbMx+bEjP7+ggMiFRprSti032Oipxw==

uid-generator@^2.0.0:
  version "2.0.0"
  resolved "https://registry.yarnpkg.com/uid-generator/-/uid-generator-2.0.0.tgz#70e7b882300a4ccd12841e5a857dacada7fd7452"
  integrity sha512-XLRw2UyViQueSbd3dOHkswrg4gA4YuhibKzkFiPkilo6cdKEQqOX3K/Yu6Z2WXVMK+npfMNlSSufVSUifbXoOQ==

ws@^7.4.0:
  version "7.5.4"
  resolved "https://registry.yarnpkg.com/ws/-/ws-7.5.4.tgz#56bfa20b167427e138a7795de68d134fe92e21f9"
  integrity sha512-zP9z6GXm6zC27YtspwH99T3qTG7bBFv2VIkeHstMLrLlDJuzA7tQ5ls3OJ1hOGGCzTQPniNJoHXIAOS0Jljohg==
